
Microsoft Visual Studio Solution File, Format Version 12.00
# Visual Studio Version 16
VisualStudioVersion = 16.0.30309.148
MinimumVisualStudioVersion = 10.0.40219.1
Project("{9A19103F-16F7-4668-BE54-9A1E7A4F7556}") = "FileStealerPC2USB", "FilesStealerPC2USB\FileStealerPC2USB.csproj", "{6600A717-DC52-484D-8C1F-C7898A11E388}"
EndProject
Global
	GlobalSection(SolutionConfigurationPlatforms) = preSolution
		Debug|Any CPU = Debug|Any CPU
		Release|Any CPU = Release|Any CPU
	EndGlobalSection
	GlobalSection(ProjectConfigurationPlatforms) = postSolution
		{6600A717-DC52-484D-8C1F-C7898A11E388}.Debug|Any CPU.ActiveCfg = Debug|Any CPU
		{6600A717-DC52-484D-8C1F-C7898A11E388}.Debug|Any CPU.Build.0 = Debug|Any CPU
		{6600A717-DC52-484D-8C1F-C7898A11E388}.Release|Any CPU.ActiveCfg = Release|Any CPU
		{6600A717-DC52-484D-8C1F-C7898A11E388}.Release|Any CPU.Build.0 = Release|Any CPU
	EndGlobalSection
	GlobalSection(SolutionProperties) = preSolution
		HideSolutionNode = FALSE
	EndGlobalSection
	GlobalSection(ExtensibilityGlobals) = postSolution
		SolutionGuid = {84654EC8-663A-472F-89C9-A93306322643}
	EndGlobalSection
EndGlobal
